lockfileVersion: 5.4

specifiers:
  streamx: ^2.12.5

dependencies:
  streamx: 2.12.5

packages:

  /fast-fifo/1.1.0:
    resolution: {integrity: sha512-Kl29QoNbNvn4nhDsLYjyIAaIqaJB6rBx5p3sL9VjaefJ+eMFBWVZiaoguaoZfzEKr5RhAti0UgM8703akGPJ6g==}
    dev: false

  /queue-tick/1.0.0:
    resolution: {integrity: sha512-ULWhjjE8BmiICGn3G8+1L9wFpERNxkf8ysxkAer4+TFdRefDaXOCV5m92aMB9FtBVmn/8sETXLXY6BfW7hyaWQ==}
    dev: false

  /streamx/2.12.5:
    resolution: {integrity: sha512-Y+nkFw57Z5JHT3zLlqFm3GccOy2FeYdUrrqita6Dd8kr/8enPn9GKa8IYf3/DmEKfZl/E2sWoSKUnd4qhonrgg==}
    dependencies:
      fast-fifo: 1.1.0
      queue-tick: 1.0.0
    dev: false
